
Microsoft Visual Studio Solution File, Format Version 12.00
# Visual Studio 15
VisualStudioVersion = 15.0.28307.168
MinimumVisualStudioVersion = 10.0.40219.1
Project("{FAE04EC0-301F-11D3-BF4B-00C04F79EFBC}") = "Variables - Exercice 4", "Variables - Exercice 4\Variables - Exercice 4.csproj", "{F3B36D59-10AE-4585-9C2E-4D14886C7197}"
EndProject
Global
	GlobalSection(SolutionConfigurationPlatforms) = preSolution
		Debug|Any CPU = Debug|Any CPU
		Release|Any CPU = Release|Any CPU
	EndGlobalSection
	GlobalSection(ProjectConfigurationPlatforms) = postSolution
		{F3B36D59-10AE-4585-9C2E-4D14886C7197}.Debug|Any CPU.ActiveCfg = Debug|Any CPU
		{F3B36D59-10AE-4585-9C2E-4D14886C7197}.Debug|Any CPU.Build.0 = Debug|Any CPU
		{F3B36D59-10AE-4585-9C2E-4D14886C7197}.Release|Any CPU.ActiveCfg = Release|Any CPU
		{F3B36D59-10AE-4585-9C2E-4D14886C7197}.Release|Any CPU.Build.0 = Release|Any CPU
	EndGlobalSection
	GlobalSection(SolutionProperties) = preSolution
		HideSolutionNode = FALSE
	EndGlobalSection
	GlobalSection(ExtensibilityGlobals) = postSolution
		SolutionGuid = {E201EF8F-A642-4C5E-801A-0DFFAAD19A3E}
	EndGlobalSection
EndGlobal
